github.com/getoutreach/gobox v1.71.0 h1:5T3G94y6aG7lqnfzXzMhuR/hw0VnNGwU7VQLml+Lwsw=
github.com/getoutreach/gobox v1.71.0/go.mod h1:NMFEug44bFUQnpGTS9vov/WsZK36fnQFLDl+3p/yeas=
github.com/google/go-cmp v0.6.0 h1:ofyhxvXcZhMsU5ulbFiLKl/XBFqE1GSq7atu8tAmTRI=
github.com/google/go-cmp v0.6.0/go.mod h1:17dUlkBOakJ0+DkrSSNjCkIjxS6bF9zb3elmeNGIjoY=
github.com/pkg/errors v0.9.1 h1:FEBLx1zS214owpjy7qsBeixbURkuhQAwrK5UwLGTwt4=
github.com/pkg/errors v0.9.1/go.mod h1:bwawxfHBFNV+L2hUp1rHADufV3IMtnDRdf1r5NINEl0=
gotest.tools/v3 v3.4.0 h1:ZazjZUfuVeZGLAmlKKuyv3IKP5orXcwtOwDQH6YVr6o=
