github.com/getoutreach/gobox v1.90.2 h1:dRkIgououFs1rwrdT1pvD8OrHa9q6ufvKSYtsH2L2Kw=
github.com/getoutreach/gobox v1.90.2/go.mod h1:xo3vkzGCj/Lp3KcfIWP9XT4rqFJjJT9cSWcOEiK1Lzk=
github.com/google/go-cmp v0.6.0 h1:ofyhxvXcZhMsU5ulbFiLKl/XBFqE1GSq7atu8tAmTRI=
github.com/google/go-cmp v0.6.0/go.mod h1:17dUlkBOakJ0+DkrSSNjCkIjxS6bF9zb3elmeNGIjoY=
github.com/pkg/errors v0.9.1 h1:FEBLx1zS214owpjy7qsBeixbURkuhQAwrK5UwLGTwt4=
github.com/pkg/errors v0.9.1/go.mod h1:bwawxfHBFNV+L2hUp1rHADufV3IMtnDRdf1r5NINEl0=
github.com/pmezard/go-difflib v1.0.0 h1:4DBwDE0NGyQoBHbLQYPwSUPoCMWR5BEzIk/f1lZbAQM=
github.com/pmezard/go-difflib v1.0.0/go.mod h1:iKH77koFhYxTK1pcRnkKkqfTogsbg7gZNVY4sRDYZ/4=
gotest.tools/v3 v3.5.1 h1:EENdUnS3pdur5nybKYIh2Vfgc8IUNBjxDPSjtiJcOzU=
gotest.tools/v3 v3.5.1/go.mod h1:isy3WKz7GK6uNw/sbHzfKBLvlvXwUyV06n6brMxxopU=
